
Microsoft Visual Studio Solution File, Format Version 12.00
# Visual Studio Version 16
VisualStudioVersion = 16.0.31410.357
MinimumVisualStudioVersion = 10.0.40219.1
Project("{9A19103F-16F7-4668-BE54-9A1E7A4F7556}") = "MP3Modifier", "MP3Modifier\MP3Modifier.csproj", "{6817B717-8CCB-4640-A185-92FF738CA0C4}"
EndProject
Project("{FAE04EC0-301F-11D3-BF4B-00C04F79EFBC}") = "MP3Modifier.Library", "MP3Modifier.Library\MP3Modifier.Library.csproj", "{CBC14A74-4154-4E02-82BB-CF5DA9EF9F83}"
EndProject
Global
	GlobalSection(SolutionConfigurationPlatforms) = preSolution
		Debug|Any CPU = Debug|Any CPU
		Release|Any CPU = Release|Any CPU
	EndGlobalSection
	GlobalSection(ProjectConfigurationPlatforms) = postSolution
		{6817B717-8CCB-4640-A185-92FF738CA0C4}.Debug|Any CPU.ActiveCfg = Debug|Any CPU
		{6817B717-8CCB-4640-A185-92FF738CA0C4}.Debug|Any CPU.Build.0 = Debug|Any CPU
		{6817B717-8CCB-4640-A185-92FF738CA0C4}.Release|Any CPU.ActiveCfg = Release|Any CPU
		{6817B717-8CCB-4640-A185-92FF738CA0C4}.Release|Any CPU.Build.0 = Release|Any CPU
		{CBC14A74-4154-4E02-82BB-CF5DA9EF9F83}.Debug|Any CPU.ActiveCfg = Debug|Any CPU
		{CBC14A74-4154-4E02-82BB-CF5DA9EF9F83}.Debug|Any CPU.Build.0 = Debug|Any CPU
		{CBC14A74-4154-4E02-82BB-CF5DA9EF9F83}.Release|Any CPU.ActiveCfg = Release|Any CPU
		{CBC14A74-4154-4E02-82BB-CF5DA9EF9F83}.Release|Any CPU.Build.0 = Release|Any CPU
	EndGlobalSection
	GlobalSection(SolutionProperties) = preSolution
		HideSolutionNode = FALSE
	EndGlobalSection
	GlobalSection(ExtensibilityGlobals) = postSolution
		SolutionGuid = {71E72AC8-3AE3-4B4D-9709-058AEE13681E}
	EndGlobalSection
EndGlobal
